{
    "version": 3,
    "terraform_version": "0.9.4",
    "serial": 47,
    "lineage": "b5b8a82c-52ef-4072-ac14-d7d49973b9cf",
    "modules": [
        {
            "path": [
                "root"
            ],
            "outputs": {},
            "resources": {
                "aws_s3_bucket_object.object.0": {
                    "type": "aws_s3_bucket_object",
                    "depends_on": [
                        "data.terraform_remote_state.cv_state"
                    ],
                    "primary": {
                        "id": "index.html",
                        "attributes": {
                            "acl": "private",
                            "bucket": "www.marktranter.com",
                            "cache_control": "",
                            "content_disposition": "",
                            "content_encoding": "",
                            "content_language": "",
                            "content_type": "text/html",
                            "etag": "bd6480804b76c96707f5255ced6b012a",
                            "id": "index.html",
                            "key": "index.html",
                            "server_side_encryption": "",
                            "source": "/home/mark/projects/cv-overkill/src/home/deploy/../src/index.html",
                            "storage_class": "STANDARD",
                            "tags.%": "0",
                            "version_id": ""
                        },
                        "meta": {},
                        "tainted": false
                    },
                    "deposed": [],
                    "provider": ""
                },
                "aws_s3_bucket_object.object.1": {
                    "type": "aws_s3_bucket_object",
                    "depends_on": [
                        "data.terraform_remote_state.cv_state"
                    ],
                    "primary": {
                        "id": "config.js",
                        "attributes": {
                            "acl": "private",
                            "bucket": "www.marktranter.com",
                            "cache_control": "",
                            "content_disposition": "",
                            "content_encoding": "",
                            "content_language": "",
                            "content_type": "application/javascript",
                            "etag": "786527da0d97cfb4f3a72dc958d8db92",
                            "id": "config.js",
                            "key": "config.js",
                            "server_side_encryption": "",
                            "source": "/home/mark/projects/cv-overkill/src/home/deploy/../src/config.js",
                            "storage_class": "STANDARD",
                            "tags.%": "0",
                            "version_id": ""
                        },
                        "meta": {},
                        "tainted": false
                    },
                    "deposed": [],
                    "provider": ""
                },
                "aws_s3_bucket_object.object.2": {
                    "type": "aws_s3_bucket_object",
                    "depends_on": [
                        "data.terraform_remote_state.cv_state"
                    ],
                    "primary": {
                        "id": "dist/app-build.js",
                        "attributes": {
                            "acl": "private",
                            "bucket": "www.marktranter.com",
                            "cache_control": "",
                            "content_disposition": "",
                            "content_encoding": "",
                            "content_language": "",
                            "content_type": "application/javascript",
                            "etag": "97cd7f875fb96107512c8ab086646610",
                            "id": "dist/app-build.js",
                            "key": "dist/app-build.js",
                            "server_side_encryption": "",
                            "source": "/home/mark/projects/cv-overkill/src/home/deploy/../src/dist/app-build.js",
                            "storage_class": "STANDARD",
                            "tags.%": "0",
                            "version_id": ""
                        },
                        "meta": {},
                        "tainted": false
                    },
                    "deposed": [],
                    "provider": ""
                },
                "aws_s3_bucket_object.object.3": {
                    "type": "aws_s3_bucket_object",
                    "depends_on": [
                        "data.terraform_remote_state.cv_state"
                    ],
                    "primary": {
                        "id": "dist/aurelia.js",
                        "attributes": {
                            "acl": "private",
                            "bucket": "www.marktranter.com",
                            "cache_control": "",
                            "content_disposition": "",
                            "content_encoding": "",
                            "content_language": "",
                            "content_type": "application/javascript",
                            "etag": "c539435af40df6d2cc4624d31ca69750",
                            "id": "dist/aurelia.js",
                            "key": "dist/aurelia.js",
                            "server_side_encryption": "",
                            "source": "/home/mark/projects/cv-overkill/src/home/deploy/../src/dist/aurelia.js",
                            "storage_class": "STANDARD",
                            "tags.%": "0",
                            "version_id": ""
                        },
                        "meta": {},
                        "tainted": false
                    },
                    "deposed": [],
                    "provider": ""
                },
                "aws_s3_bucket_object.object.4": {
                    "type": "aws_s3_bucket_object",
                    "depends_on": [
                        "data.terraform_remote_state.cv_state"
                    ],
                    "primary": {
                        "id": "assets/css/bootstrap.css",
                        "attributes": {
                            "acl": "private",
                            "bucket": "www.marktranter.com",
                            "cache_control": "",
                            "content_disposition": "",
                            "content_encoding": "",
                            "content_language": "",
                            "content_type": "text/css",
                            "etag": "cdec9434c15c405b002a7d535a052aca",
                            "id": "assets/css/bootstrap.css",
                            "key": "assets/css/bootstrap.css",
                            "server_side_encryption": "",
                            "source": "/home/mark/projects/cv-overkill/src/home/deploy/../src/assets/css/bootstrap.css",
                            "storage_class": "STANDARD",
                            "tags.%": "0",
                            "version_id": ""
                        },
                        "meta": {},
                        "tainted": false
                    },
                    "deposed": [],
                    "provider": ""
                },
                "aws_s3_bucket_object.object.5": {
                    "type": "aws_s3_bucket_object",
                    "depends_on": [
                        "data.terraform_remote_state.cv_state"
                    ],
                    "primary": {
                        "id": "assets/css/main.css",
                        "attributes": {
                            "acl": "private",
                            "bucket": "www.marktranter.com",
                            "cache_control": "",
                            "content_disposition": "",
                            "content_encoding": "",
                            "content_language": "",
                            "content_type": "text/css",
                            "etag": "ccd1831448de247aa0c137b7e0219642",
                            "id": "assets/css/main.css",
                            "key": "assets/css/main.css",
                            "server_side_encryption": "",
                            "source": "/home/mark/projects/cv-overkill/src/home/deploy/../src/assets/css/main.css",
                            "storage_class": "STANDARD",
                            "tags.%": "0",
                            "version_id": ""
                        },
                        "meta": {},
                        "tainted": false
                    },
                    "deposed": [],
                    "provider": ""
                },
                "aws_s3_bucket_object.object.6": {
                    "type": "aws_s3_bucket_object",
                    "depends_on": [
                        "data.terraform_remote_state.cv_state"
                    ],
                    "primary": {
                        "id": "assets/img/header-bg.jpg",
                        "attributes": {
                            "acl": "private",
                            "bucket": "www.marktranter.com",
                            "cache_control": "",
                            "content_disposition": "",
                            "content_encoding": "",
                            "content_language": "",
                            "content_type": "image/jpeg",
                            "etag": "05c4f511b6598c4bd509b1980b884734",
                            "id": "assets/img/header-bg.jpg",
                            "key": "assets/img/header-bg.jpg",
                            "server_side_encryption": "",
                            "source": "/home/mark/projects/cv-overkill/src/home/deploy/../src/assets/img/header-bg.jpg",
                            "storage_class": "STANDARD",
                            "tags.%": "0",
                            "version_id": ""
                        },
                        "meta": {},
                        "tainted": false
                    },
                    "deposed": [],
                    "provider": ""
                },
                "data.terraform_remote_state.cv_state": {
                    "type": "terraform_remote_state",
                    "depends_on": [],
                    "primary": {
                        "id": "2017-05-11 14:50:59.678528596 +0000 UTC",
                        "attributes": {
                            "backend": "s3",
                            "config.%": "3",
                            "config.bucket": "cv-overkill-tf-state",
                            "config.key": "aws-infrastructure",
                            "config.region": "eu-west-1",
                            "ecs_cluster_id": "arn:aws:ecs:eu-west-1:277618971297:cluster/cv-ecs-cluster",
                            "ecs_service_role_arn": "arn:aws:iam::277618971297:role/ecs_service_role",
                            "environment": "default",
                            "id": "2017-05-11 14:50:59.678528596 +0000 UTC",
                            "listener_http_arn": "arn:aws:elasticloadbalancing:eu-west-1:277618971297:listener/app/ecs-alb/92f87688f253041d/2f75d022514cd1f4",
                            "load_balancer_arn": "arn:aws:elasticloadbalancing:eu-west-1:277618971297:loadbalancer/app/ecs-alb/92f87688f253041d",
                            "load_balancer_id": "arn:aws:elasticloadbalancing:eu-west-1:277618971297:loadbalancer/app/ecs-alb/92f87688f253041d",
                            "security_group_id": "sg-f537728c",
                            "vpc_id": "vpc-233bc744",
                            "website_bucket_id": "www.marktranter.com"
                        },
                        "meta": {},
                        "tainted": false
                    },
                    "deposed": [],
                    "provider": ""
                }
            },
            "depends_on": []
        },
        {
            "path": [
                "root",
                "home"
            ],
            "outputs": {},
            "resources": {},
            "depends_on": []
        }
    ]
}
