{
    "version": 3,
    "terraform_version": "0.9.5",
    "serial": 89,
    "lineage": "b5b8a82c-52ef-4072-ac14-d7d49973b9cf",
    "modules": [
        {
            "path": [
                "root"
            ],
            "outputs": {},
            "resources": {
                "aws_s3_bucket_object.object.0": {
                    "type": "aws_s3_bucket_object",
                    "depends_on": [
                        "data.terraform_remote_state.cv_state"
                    ],
                    "primary": {
                        "id": "index.html",
                        "attributes": {
                            "acl": "private",
                            "bucket": "www.marktranter.com",
                            "cache_control": "",
                            "content_disposition": "",
                            "content_encoding": "",
                            "content_language": "",
                            "content_type": "text/html",
                            "etag": "cdf0be59e4fe349747cbf3d127c4a2f4",
                            "id": "index.html",
                            "key": "index.html",
                            "server_side_encryption": "",
                            "source": "/codefresh/volume/cv-overkill-home/deploy/../src/index.html",
                            "storage_class": "STANDARD",
                            "tags.%": "0",
                            "version_id": ""
                        },
                        "meta": {},
                        "tainted": false
                    },
                    "deposed": [],
                    "provider": ""
                },
                "aws_s3_bucket_object.object.1": {
                    "type": "aws_s3_bucket_object",
                    "depends_on": [
                        "data.terraform_remote_state.cv_state"
                    ],
                    "primary": {
                        "id": "config.js",
                        "attributes": {
                            "acl": "private",
                            "bucket": "www.marktranter.com",
                            "cache_control": "",
                            "content_disposition": "",
                            "content_encoding": "",
                            "content_language": "",
                            "content_type": "application/javascript",
                            "etag": "08d04b5cfa37625a0a9948d20ad1e537",
                            "id": "config.js",
                            "key": "config.js",
                            "server_side_encryption": "",
                            "source": "/codefresh/volume/cv-overkill-home/deploy/../src/config.js",
                            "storage_class": "STANDARD",
                            "tags.%": "0",
                            "version_id": ""
                        },
                        "meta": {},
                        "tainted": false
                    },
                    "deposed": [],
                    "provider": ""
                },
                "aws_s3_bucket_object.object.2": {
                    "type": "aws_s3_bucket_object",
                    "depends_on": [
                        "data.terraform_remote_state.cv_state"
                    ],
                    "primary": {
                        "id": "dist/app-build.js",
                        "attributes": {
                            "acl": "private",
                            "bucket": "www.marktranter.com",
                            "cache_control": "",
                            "content_disposition": "",
                            "content_encoding": "",
                            "content_language": "",
                            "content_type": "application/javascript",
                            "etag": "2c86d3fb1cb8259e48e194dd501953a1",
                            "id": "dist/app-build.js",
                            "key": "dist/app-build.js",
                            "server_side_encryption": "",
                            "source": "/codefresh/volume/cv-overkill-home/deploy/../src/dist/app-build.js",
                            "storage_class": "STANDARD",
                            "tags.%": "0",
                            "version_id": ""
                        },
                        "meta": {},
                        "tainted": false
                    },
                    "deposed": [],
                    "provider": ""
                },
                "aws_s3_bucket_object.object.3": {
                    "type": "aws_s3_bucket_object",
                    "depends_on": [
                        "data.terraform_remote_state.cv_state"
                    ],
                    "primary": {
                        "id": "dist/aurelia.js",
                        "attributes": {
                            "acl": "private",
                            "bucket": "www.marktranter.com",
                            "cache_control": "",
                            "content_disposition": "",
                            "content_encoding": "",
                            "content_language": "",
                            "content_type": "application/javascript",
                            "etag": "11b2c3b32d58c753adb2fc9001f3b11a",
                            "id": "dist/aurelia.js",
                            "key": "dist/aurelia.js",
                            "server_side_encryption": "",
                            "source": "/codefresh/volume/cv-overkill-home/deploy/../src/dist/aurelia.js",
                            "storage_class": "STANDARD",
                            "tags.%": "0",
                            "version_id": ""
                        },
                        "meta": {},
                        "tainted": false
                    },
                    "deposed": [],
                    "provider": ""
                },
                "aws_s3_bucket_object.object.4": {
                    "type": "aws_s3_bucket_object",
                    "depends_on": [
                        "data.terraform_remote_state.cv_state"
                    ],
                    "primary": {
                        "id": "dist/vendor.js",
                        "attributes": {
                            "acl": "private",
                            "bucket": "www.marktranter.com",
                            "cache_control": "",
                            "content_disposition": "",
                            "content_encoding": "",
                            "content_language": "",
                            "content_type": "application/javascript",
                            "etag": "758b8afc611210fccc1b2193a9604e41",
                            "id": "dist/vendor.js",
                            "key": "dist/vendor.js",
                            "server_side_encryption": "",
                            "source": "/codefresh/volume/cv-overkill-home/deploy/../src/dist/vendor.js",
                            "storage_class": "STANDARD",
                            "tags.%": "0",
                            "version_id": ""
                        },
                        "meta": {},
                        "tainted": false
                    },
                    "deposed": [],
                    "provider": ""
                },
                "aws_s3_bucket_object.object.5": {
                    "type": "aws_s3_bucket_object",
                    "depends_on": [
                        "data.terraform_remote_state.cv_state"
                    ],
                    "primary": {
                        "id": "assets/css/bootstrap.css",
                        "attributes": {
                            "acl": "private",
                            "bucket": "www.marktranter.com",
                            "cache_control": "",
                            "content_disposition": "",
                            "content_encoding": "",
                            "content_language": "",
                            "content_type": "text/css",
                            "etag": "cdec9434c15c405b002a7d535a052aca",
                            "id": "assets/css/bootstrap.css",
                            "key": "assets/css/bootstrap.css",
                            "server_side_encryption": "",
                            "source": "/codefresh/volume/cv-overkill-home/deploy/../src/assets/css/bootstrap.css",
                            "storage_class": "STANDARD",
                            "tags.%": "0",
                            "version_id": ""
                        },
                        "meta": {},
                        "tainted": false
                    },
                    "deposed": [],
                    "provider": ""
                },
                "aws_s3_bucket_object.object.6": {
                    "type": "aws_s3_bucket_object",
                    "depends_on": [
                        "data.terraform_remote_state.cv_state"
                    ],
                    "primary": {
                        "id": "dist/aws-sdk-2.50.0.min.js",
                        "attributes": {
                            "acl": "private",
                            "bucket": "www.marktranter.com",
                            "cache_control": "",
                            "content_disposition": "",
                            "content_encoding": "",
                            "content_language": "",
                            "content_type": "application/javascript",
                            "etag": "8cb6287a2fbfa11a3a1c9ef4e61b9604",
                            "id": "dist/aws-sdk-2.50.0.min.js",
                            "key": "dist/aws-sdk-2.50.0.min.js",
                            "server_side_encryption": "",
                            "source": "/codefresh/volume/cv-overkill-home/deploy/../src/dist/aws-sdk-2.50.0.min.js",
                            "storage_class": "STANDARD",
                            "tags.%": "0",
                            "version_id": ""
                        },
                        "meta": {},
                        "tainted": false
                    },
                    "deposed": [],
                    "provider": ""
                },
                "data.terraform_remote_state.cv_state": {
                    "type": "terraform_remote_state",
                    "depends_on": [],
                    "primary": {
                        "id": "2017-05-13 20:04:49.000647497 +0000 UTC",
                        "attributes": {
                            "backend": "s3",
                            "config.%": "3",
                            "config.bucket": "cv-overkill-tf-state",
                            "config.key": "aws-infrastructure",
                            "config.region": "eu-west-1",
                            "ecs_cluster_id": "arn:aws:ecs:eu-west-1:277618971297:cluster/cv-ecs-cluster",
                            "ecs_service_role_arn": "arn:aws:iam::277618971297:role/ecs_service_role",
                            "environment": "default",
                            "id": "2017-05-13 20:04:49.000647497 +0000 UTC",
                            "listener_http_arn": "arn:aws:elasticloadbalancing:eu-west-1:277618971297:listener/app/ecs-alb/92f87688f253041d/2f75d022514cd1f4",
                            "load_balancer_arn": "arn:aws:elasticloadbalancing:eu-west-1:277618971297:loadbalancer/app/ecs-alb/92f87688f253041d",
                            "load_balancer_id": "arn:aws:elasticloadbalancing:eu-west-1:277618971297:loadbalancer/app/ecs-alb/92f87688f253041d",
                            "security_group_id": "sg-f537728c",
                            "vpc_id": "vpc-233bc744",
                            "website_bucket_id": "www.marktranter.com"
                        },
                        "meta": {},
                        "tainted": false
                    },
                    "deposed": [],
                    "provider": ""
                }
            },
            "depends_on": []
        },
        {
            "path": [
                "root",
                "home"
            ],
            "outputs": {},
            "resources": {},
            "depends_on": []
        }
    ]
}
